{
  "name": "TypeScript",
  "version": "1.0.0",
  "lockfileVersion": 1,
  "requires": true,
  "dependencies": {
    "@types/node": {
      "version": "11.11.6",
      "resolved": "http://registry.npm.souche-inc.com/@types/node/download/@types/node-11.11.6.tgz",
      "integrity": "sha1-35KdG7Lu5a/dpZikGTD+ULQ+qmo="
    }
  }
}
